
Microsoft Visual Studio Solution File, Format Version 12.00
# Visual Studio Version 16
VisualStudioVersion = 16.0.31105.61
MinimumVisualStudioVersion = 10.0.40219.1
Project("{FAE04EC0-301F-11D3-BF4B-00C04F79EFBC}") = "Discord Rat", "Github disocord rat\Discord Rat.csproj", "{74D00262-5D07-4CFB-9560-415F2422AA27}"
EndProject
Global
	GlobalSection(SolutionConfigurationPlatforms) = preSolution
		Debug|Any CPU = Debug|Any CPU
		Release|Any CPU = Release|Any CPU
	EndGlobalSection
	GlobalSection(ProjectConfigurationPlatforms) = postSolution
		{74D00262-5D07-4CFB-9560-415F2422AA27}.Debug|Any CPU.ActiveCfg = Debug|Any CPU
		{74D00262-5D07-4CFB-9560-415F2422AA27}.Debug|Any CPU.Build.0 = Debug|Any CPU
		{74D00262-5D07-4CFB-9560-415F2422AA27}.Release|Any CPU.ActiveCfg = Release|Any CPU
		{74D00262-5D07-4CFB-9560-415F2422AA27}.Release|Any CPU.Build.0 = Release|Any CPU
	EndGlobalSection
	GlobalSection(SolutionProperties) = preSolution
		HideSolutionNode = FALSE
	EndGlobalSection
	GlobalSection(ExtensibilityGlobals) = postSolution
		SolutionGuid = {495CCE0F-3CFC-46F5-8FAC-AE28591F3138}
	EndGlobalSection
EndGlobal
